
Microsoft Visual Studio Solution File, Format Version 12.00
# Visual Studio Version 16
VisualStudioVersion = 16.0.30406.217
MinimumVisualStudioVersion = 10.0.40219.1
Project("{FAE04EC0-301F-11D3-BF4B-00C04F79EFBC}") = "DartThreading", "DartThreading\DartThreading.csproj", "{B0134228-5EFF-41A6-85F4-E34AF16D66A5}"
EndProject
Global
	GlobalSection(SolutionConfigurationPlatforms) = preSolution
		Debug|Any CPU = Debug|Any CPU
		Release|Any CPU = Release|Any CPU
	EndGlobalSection
	GlobalSection(ProjectConfigurationPlatforms) = postSolution
		{B0134228-5EFF-41A6-85F4-E34AF16D66A5}.Debug|Any CPU.ActiveCfg = Debug|Any CPU
		{B0134228-5EFF-41A6-85F4-E34AF16D66A5}.Debug|Any CPU.Build.0 = Debug|Any CPU
		{B0134228-5EFF-41A6-85F4-E34AF16D66A5}.Release|Any CPU.ActiveCfg = Release|Any CPU
		{B0134228-5EFF-41A6-85F4-E34AF16D66A5}.Release|Any CPU.Build.0 = Release|Any CPU
	EndGlobalSection
	GlobalSection(SolutionProperties) = preSolution
		HideSolutionNode = FALSE
	EndGlobalSection
	GlobalSection(ExtensibilityGlobals) = postSolution
		SolutionGuid = {226605B2-D436-4B1B-935E-D8B3BBB93305}
	EndGlobalSection
EndGlobal
